{
  "name": "sbwsk",
  "version": "1.0.0",
  "lockfileVersion": 3,
  "requires": true,
  "packages": {
    "": {
      "name": "sbwsk",
      "version": "1.0.0",
      "license": "ISC",
      "dependencies": {
        "dns-lookup": "^0.1.0",
        "whoiser": "^2.0.0-beta.9"
      },
      "devDependencies": {}
    },
    "node_modules/dns-lookup": {
      "version": "0.1.0",
      "resolved": "https://registry.npmjs.org/dns-lookup/-/dns-lookup-0.1.0.tgz",
      "integrity": "sha512-eQM0vt8EJZc5gaBCegHn9YRzdeDmMIFdzEAhRXb+mN7bli3KUoPAYXZKKUPjXaMH5NZ1L/FchjXC66zdcRcp2g=="
    },
    "node_modules/punycode-esm": {
      "version": "1.0.15",
      "resolved": "https://registry.npmjs.org/punycode-esm/-/punycode-esm-1.0.15.tgz",
      "integrity": "sha512-pR7pzaunGU4g3v3vMIXD9WnrGUiEBs2ezcVYr9piTC/HVem9F+MJ+JNdSeYD9pK7EumLMUMO9F3Gsa3RS+o7pA==",
      "engines": {
        "node": ">=20"
      }
    },
    "node_modules/whoiser": {
      "version": "2.0.0-beta.9",
      "resolved": "https://registry.npmjs.org/whoiser/-/whoiser-2.0.0-beta.9.tgz",
      "integrity": "sha512-RCRf37szSXLGGJM7g86oMQp9GiqJ1Ty+TwfUCX/Ld4SuMwAWn2WAbY+S4dwVyPHK47PZwfMX/SPb8/XraGZ0mg==",
      "dependencies": {
        "punycode-esm": "^1.0.15"
      }
    }
  }
}
